
Microsoft Visual Studio Solution File, Format Version 12.00
# Visual Studio 15
VisualStudioVersion = 15.0.28307.572
MinimumVisualStudioVersion = 10.0.40219.1
Project("{FAE04EC0-301F-11D3-BF4B-00C04F79EFBC}") = "RentalKendaraan_20180140050", "RentalKendaraan_20180140050\RentalKendaraan_20180140050.csproj", "{DF5D7781-BFC4-4394-AB95-796D3F108B66}"
EndProject
Global
	GlobalSection(SolutionConfigurationPlatforms) = preSolution
		Debug|Any CPU = Debug|Any CPU
		Release|Any CPU = Release|Any CPU
	EndGlobalSection
	GlobalSection(ProjectConfigurationPlatforms) = postSolution
		{DF5D7781-BFC4-4394-AB95-796D3F108B66}.Debug|Any CPU.ActiveCfg = Debug|Any CPU
		{DF5D7781-BFC4-4394-AB95-796D3F108B66}.Debug|Any CPU.Build.0 = Debug|Any CPU
		{DF5D7781-BFC4-4394-AB95-796D3F108B66}.Release|Any CPU.ActiveCfg = Release|Any CPU
		{DF5D7781-BFC4-4394-AB95-796D3F108B66}.Release|Any CPU.Build.0 = Release|Any CPU
	EndGlobalSection
	GlobalSection(SolutionProperties) = preSolution
		HideSolutionNode = FALSE
	EndGlobalSection
	GlobalSection(ExtensibilityGlobals) = postSolution
		SolutionGuid = {6C7A824A-29A7-45E3-808A-305784DA61E4}
	EndGlobalSection
EndGlobal
